
Microsoft Visual Studio Solution File, Format Version 12.00
# Visual Studio 15
VisualStudioVersion = 15.0.28307.271
MinimumVisualStudioVersion = 10.0.40219.1
Project("{FAE04EC0-301F-11D3-BF4B-00C04F79EFBC}") = "COMP123-002-Assignment05", "COMP123-002-Assignment05\COMP123-002-Assignment05.csproj", "{796ABEF6-7545-4069-9AA0-E47310D994D5}"
EndProject
Global
	GlobalSection(SolutionConfigurationPlatforms) = preSolution
		Debug|Any CPU = Debug|Any CPU
		Release|Any CPU = Release|Any CPU
	EndGlobalSection
	GlobalSection(ProjectConfigurationPlatforms) = postSolution
		{796ABEF6-7545-4069-9AA0-E47310D994D5}.Debug|Any CPU.ActiveCfg = Debug|Any CPU
		{796ABEF6-7545-4069-9AA0-E47310D994D5}.Debug|Any CPU.Build.0 = Debug|Any CPU
		{796ABEF6-7545-4069-9AA0-E47310D994D5}.Release|Any CPU.ActiveCfg = Release|Any CPU
		{796ABEF6-7545-4069-9AA0-E47310D994D5}.Release|Any CPU.Build.0 = Release|Any CPU
	EndGlobalSection
	GlobalSection(SolutionProperties) = preSolution
		HideSolutionNode = FALSE
	EndGlobalSection
	GlobalSection(ExtensibilityGlobals) = postSolution
		SolutionGuid = {7AED4B0A-0F7D-45C7-BFCB-A14150F50650}
	EndGlobalSection
EndGlobal
